# THIS IS AN AUTOGENERATED FILE. DO NOT EDIT THIS FILE DIRECTLY.
# yarn lockfile v1


"@types/lodash.get@^4.4.6":
  version "4.4.6"
  resolved "https://registry.npm.taobao.org/@types/lodash.get/download/@types/lodash.get-4.4.6.tgz#0c7ac56243dae0f9f09ab6f75b29471e2e777240"
  integrity sha1-DHrFYkPa4Pnwmrb3WylHHi53ckA=
  dependencies:
    "@types/lodash" "*"

"@types/lodash@*":
  version "4.14.136"
  resolved "https://registry.npm.taobao.org/@types/lodash/download/@types/lodash-4.14.136.tgz#413e85089046b865d960c9ff1d400e04c31ab60f"
  integrity sha1-QT6FCJBGuGXZYMn/HUAOBMMatg8=

"@types/node@^12.7.4":
  version "12.7.4"
  resolved "https://registry.npm.taobao.org/@types/node/download/@types/node-12.7.4.tgz?cache=0&sync_timestamp=1567536511501&other_urls=https%3A%2F%2Fregistry.npm.taobao.org%2F%40types%2Fnode%2Fdownload%2F%40types%2Fnode-12.7.4.tgz#64db61e0359eb5a8d99b55e05c729f130a678b04"
  integrity sha1-ZNth4DWetajZm1XgXHKfEwpniwQ=

folktale@^2.3.2:
  version "2.3.2"
  resolved "https://registry.npm.taobao.org/folktale/download/folktale-2.3.2.tgz#38231b039e5ef36989920cbf805bf6b227bf4fd4"
  integrity sha1-OCMbA55e82mJkgy/gFv2sie/T9Q=

idx@^2.5.6:
  version "2.5.6"
  resolved "https://registry.npm.taobao.org/idx/download/idx-2.5.6.tgz?cache=0&other_urls=https%3A%2F%2Fregistry.npm.taobao.org%2Fidx%2Fdownload%2Fidx-2.5.6.tgz#1f824595070100ae9ad585c86db08dc74f83a59d"
  integrity sha1-H4JFlQcBAK6a1YXIbbCNx0+DpZ0=

lodash.get@^4.4.2:
  version "4.4.2"
  resolved "https://registry.npm.taobao.org/lodash.get/download/lodash.get-4.4.2.tgz?cache=0&other_urls=https%3A%2F%2Fregistry.npm.taobao.org%2Flodash.get%2Fdownload%2Flodash.get-4.4.2.tgz#2d177f652fa31e939b4438d5341499dfa3825e99"
  integrity sha1-LRd/ZS+jHpObRDjVNBSZ36OCXpk=

lodash@^4.17.15:
  version "4.17.15"
  resolved "https://registry.npm.taobao.org/lodash/download/lodash-4.17.15.tgz#b447f6670a0455bbfeedd11392eff330ea097548"
  integrity sha1-tEf2ZwoEVbv+7dETku/zMOoJdUg=

ts-toolbelt@^2.1.5:
  version "2.1.5"
  resolved "https://registry.npm.taobao.org/ts-toolbelt/download/ts-toolbelt-2.1.5.tgz#bfb992c91b8bf98bc286d14f482a1007063abdcf"
  integrity sha1-v7mSyRuL+YvChtFPSCoQBwY6vc8=

typescript@^3.5.2:
  version "3.5.3"
  resolved "https://registry.npm.taobao.org/typescript/download/typescript-3.5.3.tgz#c830f657f93f1ea846819e929092f5fe5983e977"
  integrity sha1-yDD2V/k/HqhGgZ6SkJL1/lmD6Xc=
